// !$*UTF8*$!
{
	archiveVersion = 1;
	classes = {
	};
	objectVersion = 46;
	objects = {

/* Begin PBXBuildFile section */
		16EC74CE1800234A006C51C9 /* Foundation.framework in Frameworks */ = {isa = PBXBuildFile; fileRef = 16EC74CD1800234A006C51C9 /* Foundation.framework */; };
		16EC74D01800234A006C51C9 /* CoreGraphics.framework in Frameworks */ = {isa = PBXBuildFile; fileRef = 16EC74CF1800234A006C51C9 /* CoreGraphics.framework */; };
		16EC74D21800234A006C51C9 /* UIKit.framework in Frameworks */ = {isa = PBXBuildFile; fileRef = 16EC74D11800234A006C51C9 /* UIKit.framework */; };
		16EC74D81800234A006C51C9 /* InfoPlist.strings in Resources */ = {isa = PBXBuildFile; fileRef = 16EC74D61800234A006C51C9 /* InfoPlist.strings */; };
		16EC74DA1800234A006C51C9 /* main.m in Sources */ = {isa = PBXBuildFile; fileRef = 16EC74D91800234A006C51C9 /* main.m */; };
		16EC74E11800234A006C51C9 /* Main.storyboard in Resources */ = {isa = PBXBuildFile; fileRef = 16EC74DF1800234A006C51C9 /* Main.storyboard */; };
		16EC74E61800234A006C51C9 /* Images.xcassets in Resources */ = {isa = PBXBuildFile; fileRef = 16EC74E51800234A006C51C9 /* Images.xcassets */; };
		16EC74ED1800234A006C51C9 /* XCTest.framework in Frameworks */ = {isa = PBXBuildFile; fileRef = 16EC74EC1800234A006C51C9 /* XCTest.framework */; };
		16EC74EE1800234A006C51C9 /* Foundation.framework in Frameworks */ = {isa = PBXBuildFile; fileRef = 16EC74CD1800234A006C51C9 /* Foundation.framework */; };
		16EC74EF1800234A006C51C9 /* UIKit.framework in Frameworks */ = {isa = PBXBuildFile; fileRef = 16EC74D11800234A006C51C9 /* UIKit.framework */; };
		16EC74F71800234A006C51C9 /* InfoPlist.strings in Resources */ = {isa = PBXBuildFile; fileRef = 16EC74F51800234A006C51C9 /* InfoPlist.strings */; };
		16EC74F91800234A006C51C9 /* SimpleFTPClientTests.m in Sources */ = {isa = PBXBuildFile; fileRef = 16EC74F81800234A006C51C9 /* SimpleFTPClientTests.m */; };
		16EC750318002359006C51C9 /* CFNetwork.framework in Frameworks */ = {isa = PBXBuildFile; fileRef = 16EC750218002359006C51C9 /* CFNetwork.framework */; };
		16EC750E1800236D006C51C9 /* 1.jpg in Resources */ = {isa = PBXBuildFile; fileRef = 16EC75041800236D006C51C9 /* 1.jpg */; };
		16EC750F1800236D006C51C9 /* Icon@2x.png in Resources */ = {isa = PBXBuildFile; fileRef = 16EC75051800236D006C51C9 /* Icon@2x.png */; };
		16EC75101800236D006C51C9 /* Icon.png in Resources */ = {isa = PBXBuildFile; fileRef = 16EC75061800236D006C51C9 /* Icon.png */; };
		16EC75111800236D006C51C9 /* FTPManager.m in Sources */ = {isa = PBXBuildFile; fileRef = 16EC75081800236D006C51C9 /* FTPManager.m */; };
		16EC75121800236D006C51C9 /* YDAppDelegate.m in Sources */ = {isa = PBXBuildFile; fileRef = 16EC750A1800236D006C51C9 /* YDAppDelegate.m */; };
		16EC75131800236D006C51C9 /* YDViewController.m in Sources */ = {isa = PBXBuildFile; fileRef = 16EC750C1800236D006C51C9 /* YDViewController.m */; };
		16EC75141800236D006C51C9 /* YDViewController.xib in Resources */ = {isa = PBXBuildFile; fileRef = 16EC750D1800236D006C51C9 /* YDViewController.xib */; };
/* End PBXBuildFile section */

/* Begin PBXContainerItemProxy section */
		16EC74F01800234A006C51C9 /* PBXContainerItemProxy */ = {
			isa = PBXContainerItemProxy;
			containerPortal = 16EC74C21800234A006C51C9 /* Project object */;
			proxyType = 1;
			remoteGlobalIDString = 16EC74C91800234A006C51C9;
			remoteInfo = SimpleFTPClient;
		};
/* End PBXContainerItemProxy section */

/* Begin PBXFileReference section */
		16EC74CA1800234A006C51C9 /* SimpleFTPClient.app */ = {isa = PBXFileReference; explicitFileType = wrapper.application; includeInIndex = 0; path = SimpleFTPClient.app; sourceTree = BUILT_PRODUCTS_DIR; };
		16EC74CD1800234A006C51C9 /* Foundation.framework */ = {isa = PBXFileReference; lastKnownFileType = wrapper.framework; name = Foundation.framework; path = System/Library/Frameworks/Foundation.framework; sourceTree = SDKROOT; };
		16EC74CF1800234A006C51C9 /* CoreGraphics.framework */ = {isa = PBXFileReference; lastKnownFileType = wrapper.framework; name = CoreGraphics.framework; path = System/Library/Frameworks/CoreGraphics.framework; sourceTree = SDKROOT; };
		16EC74D11800234A006C51C9 /* UIKit.framework */ = {isa = PBXFileReference; lastKnownFileType = wrapper.framework; name = UIKit.framework; path = System/Library/Frameworks/UIKit.framework; sourceTree = SDKROOT; };
		16EC74D51800234A006C51C9 /* SimpleFTPClient-Info.plist */ = {isa = PBXFileReference; lastKnownFileType = text.plist.xml; path = "SimpleFTPClient-Info.plist"; sourceTree = "<group>"; };
		16EC74D71800234A006C51C9 /* en */ = {isa = PBXFileReference; lastKnownFileType = text.plist.strings; name = en; path = en.lproj/InfoPlist.strings; sourceTree = "<group>"; };
		16EC74D91800234A006C51C9 /* main.m */ = {isa = PBXFileReference; lastKnownFileType = sourcecode.c.objc; path = main.m; sourceTree = "<group>"; };
		16EC74DB1800234A006C51C9 /* SimpleFTPClient-Prefix.pch */ = {isa = PBXFileReference; lastKnownFileType = sourcecode.c.h; path = "SimpleFTPClient-Prefix.pch"; sourceTree = "<group>"; };
		16EC74E01800234A006C51C9 /* Base */ = {isa = PBXFileReference; lastKnownFileType = file.storyboard; name = Base; path = Base.lproj/Main.storyboard; sourceTree = "<group>"; };
		16EC74E51800234A006C51C9 /* Images.xcassets */ = {isa = PBXFileReference; lastKnownFileType = folder.assetcatalog; path = Images.xcassets; sourceTree = "<group>"; };
		16EC74EB1800234A006C51C9 /* SimpleFTPClientTests.xctest */ = {isa = PBXFileReference; explicitFileType = wrapper.cfbundle; includeInIndex = 0; path = SimpleFTPClientTests.xctest; sourceTree = BUILT_PRODUCTS_DIR; };
		16EC74EC1800234A006C51C9 /* XCTest.framework */ = {isa = PBXFileReference; lastKnownFileType = wrapper.framework; name = XCTest.framework; path = Library/Frameworks/XCTest.framework; sourceTree = DEVELOPER_DIR; };
		16EC74F41800234A006C51C9 /* SimpleFTPClientTests-Info.plist */ = {isa = PBXFileReference; lastKnownFileType = text.plist.xml; path = "SimpleFTPClientTests-Info.plist"; sourceTree = "<group>"; };
		16EC74F61800234A006C51C9 /* en */ = {isa = PBXFileReference; lastKnownFileType = text.plist.strings; name = en; path = en.lproj/InfoPlist.strings; sourceTree = "<group>"; };
		16EC74F81800234A006C51C9 /* SimpleFTPClientTests.m */ = {isa = PBXFileReference; lastKnownFileType = sourcecode.c.objc; path = SimpleFTPClientTests.m; sourceTree = "<group>"; };
		16EC750218002359006C51C9 /* CFNetwork.framework */ = {isa = PBXFileReference; lastKnownFileType = wrapper.framework; name = CFNetwork.framework; path = System/Library/Frameworks/CFNetwork.framework; sourceTree = SDKROOT; };
		16EC75041800236D006C51C9 /* 1.jpg */ = {isa = PBXFileReference; lastKnownFileType = image.jpeg; path = 1.jpg; sourceTree = "<group>"; };
		16EC75051800236D006C51C9 /* Icon@2x.png */ = {isa = PBXFileReference; lastKnownFileType = image.png; path = "Icon@2x.png"; sourceTree = "<group>"; };
		16EC75061800236D006C51C9 /* Icon.png */ = {isa = PBXFileReference; lastKnownFileType = image.png; path = Icon.png; sourceTree = "<group>"; };
		16EC75071800236D006C51C9 /* FTPManager.h */ = {isa = PBXFileReference; fileEncoding = 4; lastKnownFileType = sourcecode.c.h; path = FTPManager.h; sourceTree = "<group>"; };
		16EC75081800236D006C51C9 /* FTPManager.m */ = {isa = PBXFileReference; fileEncoding = 4; lastKnownFileType = sourcecode.c.objc; path = FTPManager.m; sourceTree = "<group>"; };
		16EC75091800236D006C51C9 /* YDAppDelegate.h */ = {isa = PBXFileReference; fileEncoding = 4; lastKnownFileType = sourcecode.c.h; path = YDAppDelegate.h; sourceTree = "<group>"; };
		16EC750A1800236D006C51C9 /* YDAppDelegate.m */ = {isa = PBXFileReference; fileEncoding = 4; lastKnownFileType = sourcecode.c.objc; path = YDAppDelegate.m; sourceTree = "<group>"; };
		16EC750B1800236D006C51C9 /* YDViewController.h */ = {isa = PBXFileReference; fileEncoding = 4; lastKnownFileType = sourcecode.c.h; path = YDViewController.h; sourceTree = "<group>"; };
		16EC750C1800236D006C51C9 /* YDViewController.m */ = {isa = PBXFileReference; fileEncoding = 4; lastKnownFileType = sourcecode.c.objc; path = YDViewController.m; sourceTree = "<group>"; };
		16EC750D1800236D006C51C9 /* YDViewController.xib */ = {isa = PBXFileReference; fileEncoding = 4; lastKnownFileType = file.xib; path = YDViewController.xib; sourceTree = "<group>"; };
/* End PBXFileReference section */

/* Begin PBXFrameworksBuildPhase section */
		16EC74C71800234A006C51C9 /* Frameworks */ = {
			isa = PBXFrameworksBuildPhase;
			buildActionMask = 2147483647;
			files = (
				16EC750318002359006C51C9 /* CFNetwork.framework in Frameworks */,
				16EC74D01800234A006C51C9 /* CoreGraphics.framework in Frameworks */,
				16EC74D21800234A006C51C9 /* UIKit.framework in Frameworks */,
				16EC74CE1800234A006C51C9 /* Foundation.framework in Frameworks */,
			);
			runOnlyForDeploymentPostprocessing = 0;
		};
		16EC74E81800234A006C51C9 /* Frameworks */ = {
			isa = PBXFrameworksBuildPhase;
			buildActionMask = 2147483647;
			files = (
				16EC74ED1800234A006C51C9 /* XCTest.framework in Frameworks */,
				16EC74EF1800234A006C51C9 /* UIKit.framework in Frameworks */,
				16EC74EE1800234A006C51C9 /* Foundation.framework in Frameworks */,
			);
			runOnlyForDeploymentPostprocessing = 0;
		};
/* End PBXFrameworksBuildPhase section */

/* Begin PBXGroup section */
		16EC74C11800234A006C51C9 = {
			isa = PBXGroup;
			children = (
				16EC74D31800234A006C51C9 /* SimpleFTPClient */,
				16EC74F21800234A006C51C9 /* SimpleFTPClientTests */,
				16EC74CC1800234A006C51C9 /* Frameworks */,
				16EC74CB1800234A006C51C9 /* Products */,
			);
			sourceTree = "<group>";
		};
		16EC74CB1800234A006C51C9 /* Products */ = {
			isa = PBXGroup;
			children = (
				16EC74CA1800234A006C51C9 /* SimpleFTPClient.app */,
				16EC74EB1800234A006C51C9 /* SimpleFTPClientTests.xctest */,
			);
			name = Products;
			sourceTree = "<group>";
		};
		16EC74CC1800234A006C51C9 /* Frameworks */ = {
			isa = PBXGroup;
			children = (
				16EC750218002359006C51C9 /* CFNetwork.framework */,
				16EC74CD1800234A006C51C9 /* Foundation.framework */,
				16EC74CF1800234A006C51C9 /* CoreGraphics.framework */,
				16EC74D11800234A006C51C9 /* UIKit.framework */,
				16EC74EC1800234A006C51C9 /* XCTest.framework */,
			);
			name = Frameworks;
			sourceTree = "<group>";
		};
		16EC74D31800234A006C51C9 /* SimpleFTPClient */ = {
			isa = PBXGroup;
			children = (
				16EC75041800236D006C51C9 /* 1.jpg */,
				16EC75051800236D006C51C9 /* Icon@2x.png */,
				16EC75061800236D006C51C9 /* Icon.png */,
				16EC75071800236D006C51C9 /* FTPManager.h */,
				16EC75081800236D006C51C9 /* FTPManager.m */,
				16EC75091800236D006C51C9 /* YDAppDelegate.h */,
				16EC750A1800236D006C51C9 /* YDAppDelegate.m */,
				16EC750B1800236D006C51C9 /* YDViewController.h */,
				16EC750C1800236D006C51C9 /* YDViewController.m */,
				16EC750D1800236D006C51C9 /* YDViewController.xib */,
				16EC74DF1800234A006C51C9 /* Main.storyboard */,
				16EC74E51800234A006C51C9 /* Images.xcassets */,
				16EC74D41800234A006C51C9 /* Supporting Files */,
			);
			path = SimpleFTPClient;
			sourceTree = "<group>";
		};
		16EC74D41800234A006C51C9 /* Supporting Files */ = {
			isa = PBXGroup;
			children = (
				16EC74D51800234A006C51C9 /* SimpleFTPClient-Info.plist */,
				16EC74D61800234A006C51C9 /* InfoPlist.strings */,
				16EC74D91800234A006C51C9 /* main.m */,
				16EC74DB1800234A006C51C9 /* SimpleFTPClient-Prefix.pch */,
			);
			name = "Supporting Files";
			sourceTree = "<group>";
		};
		16EC74F21800234A006C51C9 /* SimpleFTPClientTests */ = {
			isa = PBXGroup;
			children = (
				16EC74F81800234A006C51C9 /* SimpleFTPClientTests.m */,
				16EC74F31800234A006C51C9 /* Supporting Files */,
			);
			path = SimpleFTPClientTests;
			sourceTree = "<group>";
		};
		16EC74F31800234A006C51C9 /* Supporting Files */ = {
			isa = PBXGroup;
			children = (
				16EC74F41800234A006C51C9 /* SimpleFTPClientTests-Info.plist */,
				16EC74F51800234A006C51C9 /* InfoPlist.strings */,
			);
			name = "Supporting Files";
			sourceTree = "<group>";
		};
/* End PBXGroup section */

/* Begin PBXNativeTarget section */
		16EC74C91800234A006C51C9 /* SimpleFTPClient */ = {
			isa = PBXNativeTarget;
			buildConfigurationList = 16EC74FC1800234A006C51C9 /* Build configuration list for PBXNativeTarget "SimpleFTPClient" */;
			buildPhases = (
				16EC74C61800234A006C51C9 /* Sources */,
				16EC74C71800234A006C51C9 /* Frameworks */,
				16EC74C81800234A006C51C9 /* Resources */,
			);
			buildRules = (
			);
			dependencies = (
			);
			name = SimpleFTPClient;
			productName = SimpleFTPClient;
			productReference = 16EC74CA1800234A006C51C9 /* SimpleFTPClient.app */;
			productType = "com.apple.product-type.application";
		};
		16EC74EA1800234A006C51C9 /* SimpleFTPClientTests */ = {
			isa = PBXNativeTarget;
			buildConfigurationList = 16EC74FF1800234A006C51C9 /* Build configuration list for PBXNativeTarget "SimpleFTPClientTests" */;
			buildPhases = (
				16EC74E71800234A006C51C9 /* Sources */,
				16EC74E81800234A006C51C9 /* Frameworks */,
				16EC74E91800234A006C51C9 /* Resources */,
			);
			buildRules = (
			);
			dependencies = (
				16EC74F11800234A006C51C9 /* PBXTargetDependency */,
			);
			name = SimpleFTPClientTests;
			productName = SimpleFTPClientTests;
			productReference = 16EC74EB1800234A006C51C9 /* SimpleFTPClientTests.xctest */;
			productType = "com.apple.product-type.bundle.unit-test";
		};
/* End PBXNativeTarget section */

/* Begin PBXProject section */
		16EC74C21800234A006C51C9 /* Project object */ = {
			isa = PBXProject;
			attributes = {
				CLASSPREFIX = YD;
				LastUpgradeCheck = 0500;
				ORGANIZATIONNAME = YourDeveloper;
				TargetAttributes = {
					16EC74C91800234A006C51C9 = {
						DevelopmentTeam = J7DR2LJWWJ;
					};
					16EC74EA1800234A006C51C9 = {
						TestTargetID = 16EC74C91800234A006C51C9;
					};
				};
			};
			buildConfigurationList = 16EC74C51800234A006C51C9 /* Build configuration list for PBXProject "SimpleFTPClient" */;
			compatibilityVersion = "Xcode 3.2";
			developmentRegion = English;
			hasScannedForEncodings = 0;
			knownRegions = (
				English,
				en,
				Base,
			);
			mainGroup = 16EC74C11800234A006C51C9;
			productRefGroup = 16EC74CB1800234A006C51C9 /* Products */;
			projectDirPath = "";
			projectRoot = "";
			targets = (
				16EC74C91800234A006C51C9 /* SimpleFTPClient */,
				16EC74EA1800234A006C51C9 /* SimpleFTPClientTests */,
			);
		};
/* End PBXProject section */

/* Begin PBXResourcesBuildPhase section */
		16EC74C81800234A006C51C9 /* Resources */ = {
			isa = PBXResourcesBuildPhase;
			buildActionMask = 2147483647;
			files = (
				16EC75101800236D006C51C9 /* Icon.png in Resources */,
				16EC74E61800234A006C51C9 /* Images.xcassets in Resources */,
				16EC750E1800236D006C51C9 /* 1.jpg in Resources */,
				16EC74D81800234A006C51C9 /* InfoPlist.strings in Resources */,
				16EC74E11800234A006C51C9 /* Main.storyboard in Resources */,
				16EC750F1800236D006C51C9 /* Icon@2x.png in Resources */,
				16EC75141800236D006C51C9 /* YDViewController.xib in Resources */,
			);
			runOnlyForDeploymentPostprocessing = 0;
		};
		16EC74E91800234A006C51C9 /* Resources */ = {
			isa = PBXResourcesBuildPhase;
			buildActionMask = 2147483647;
			files = (
				16EC74F71800234A006C51C9 /* InfoPlist.strings in Resources */,
			);
			runOnlyForDeploymentPostprocessing = 0;
		};
/* End PBXResourcesBuildPhase section */

/* Begin PBXSourcesBuildPhase section */
		16EC74C61800234A006C51C9 /* Sources */ = {
			isa = PBXSourcesBuildPhase;
			buildActionMask = 2147483647;
			files = (
				16EC75111800236D006C51C9 /* FTPManager.m in Sources */,
				16EC75131800236D006C51C9 /* YDViewController.m in Sources */,
				16EC75121800236D006C51C9 /* YDAppDelegate.m in Sources */,
				16EC74DA1800234A006C51C9 /* main.m in Sources */,
			);
			runOnlyForDeploymentPostprocessing = 0;
		};
		16EC74E71800234A006C51C9 /* Sources */ = {
			isa = PBXSourcesBuildPhase;
			buildActionMask = 2147483647;
			files = (
				16EC74F91800234A006C51C9 /* SimpleFTPClientTests.m in Sources */,
			);
			runOnlyForDeploymentPostprocessing = 0;
		};
/* End PBXSourcesBuildPhase section */

/* Begin PBXTargetDependency section */
		16EC74F11800234A006C51C9 /* PBXTargetDependency */ = {
			isa = PBXTargetDependency;
			target = 16EC74C91800234A006C51C9 /* SimpleFTPClient */;
			targetProxy = 16EC74F01800234A006C51C9 /* PBXContainerItemProxy */;
		};
/* End PBXTargetDependency section */

/* Begin PBXVariantGroup section */
		16EC74D61800234A006C51C9 /* InfoPlist.strings */ = {
			isa = PBXVariantGroup;
			children = (
				16EC74D71800234A006C51C9 /* en */,
			);
			name = InfoPlist.strings;
			sourceTree = "<group>";
		};
		16EC74DF1800234A006C51C9 /* Main.storyboard */ = {
			isa = PBXVariantGroup;
			children = (
				16EC74E01800234A006C51C9 /* Base */,
			);
			name = Main.storyboard;
			sourceTree = "<group>";
		};
		16EC74F51800234A006C51C9 /* InfoPlist.strings */ = {
			isa = PBXVariantGroup;
			children = (
				16EC74F61800234A006C51C9 /* en */,
			);
			name = InfoPlist.strings;
			sourceTree = "<group>";
		};
/* End PBXVariantGroup section */

/* Begin XCBuildConfiguration section */
		16EC74FA1800234A006C51C9 /* Debug */ = {
			isa = XCBuildConfiguration;
			buildSettings = {
				ALWAYS_SEARCH_USER_PATHS = NO;
				ARCHS = "$(ARCHS_STANDARD_INCLUDING_64_BIT)";
				CLANG_CXX_LANGUAGE_STANDARD = "gnu++0x";
				CLANG_CXX_LIBRARY = "libc++";
				CLANG_ENABLE_MODULES = YES;
				CLANG_ENABLE_OBJC_ARC = YES;
				CLANG_WARN_BOOL_CONVERSION = YES;
				CLANG_WARN_CONSTANT_CONVERSION = YES;
				CLANG_WARN_DIRECT_OBJC_ISA_USAGE = YES_ERROR;
				CLANG_WARN_EMPTY_BODY = YES;
				CLANG_WARN_ENUM_CONVERSION = YES;
				CLANG_WARN_INT_CONVERSION = YES;
				CLANG_WARN_OBJC_ROOT_CLASS = YES_ERROR;
				CLANG_WARN__DUPLICATE_METHOD_MATCH = YES;
				"CODE_SIGN_IDENTITY[sdk=iphoneos*]" = "iPhone Developer";
				COPY_PHASE_STRIP = NO;
				GCC_C_LANGUAGE_STANDARD = gnu99;
				GCC_DYNAMIC_NO_PIC = NO;
				GCC_OPTIMIZATION_LEVEL = 0;
				GCC_PREPROCESSOR_DEFINITIONS = (
					"DEBUG=1",
					"$(inherited)",
				);
				GCC_SYMBOLS_PRIVATE_EXTERN = NO;
				GCC_WARN_64_TO_32_BIT_CONVERSION = YES;
				GCC_WARN_ABOUT_RETURN_TYPE = YES_ERROR;
				GCC_WARN_UNDECLARED_SELECTOR = YES;
				GCC_WARN_UNINITIALIZED_AUTOS = YES;
				GCC_WARN_UNUSED_FUNCTION = YES;
				GCC_WARN_UNUSED_VARIABLE = YES;
				IPHONEOS_DEPLOYMENT_TARGET = 7.0;
				ONLY_ACTIVE_ARCH = YES;
				SDKROOT = iphoneos;
			};
			name = Debug;
		};
		16EC74FB1800234A006C51C9 /* Release */ = {
			isa = XCBuildConfiguration;
			buildSettings = {
				ALWAYS_SEARCH_USER_PATHS = NO;
				ARCHS = "$(ARCHS_STANDARD_INCLUDING_64_BIT)";
				CLANG_CXX_LANGUAGE_STANDARD = "gnu++0x";
				CLANG_CXX_LIBRARY = "libc++";
				CLANG_ENABLE_MODULES = YES;
				CLANG_ENABLE_OBJC_ARC = YES;
				CLANG_WARN_BOOL_CONVERSION = YES;
				CLANG_WARN_CONSTANT_CONVERSION = YES;
				CLANG_WARN_DIRECT_OBJC_ISA_USAGE = YES_ERROR;
				CLANG_WARN_EMPTY_BODY = YES;
				CLANG_WARN_ENUM_CONVERSION = YES;
				CLANG_WARN_INT_CONVERSION = YES;
				CLANG_WARN_OBJC_ROOT_CLASS = YES_ERROR;
				CLANG_WARN__DUPLICATE_METHOD_MATCH = YES;
				"CODE_SIGN_IDENTITY[sdk=iphoneos*]" = "iPhone Developer";
				COPY_PHASE_STRIP = YES;
				ENABLE_NS_ASSERTIONS = NO;
				GCC_C_LANGUAGE_STANDARD = gnu99;
				GCC_WARN_64_TO_32_BIT_CONVERSION = YES;
				GCC_WARN_ABOUT_RETURN_TYPE = YES_ERROR;
				GCC_WARN_UNDECLARED_SELECTOR = YES;
				GCC_WARN_UNINITIALIZED_AUTOS = YES;
				GCC_WARN_UNUSED_FUNCTION = YES;
				GCC_WARN_UNUSED_VARIABLE = YES;
				IPHONEOS_DEPLOYMENT_TARGET = 7.0;
				SDKROOT = iphoneos;
				VALIDATE_PRODUCT = YES;
			};
			name = Release;
		};
		16EC74FD1800234A006C51C9 /* Debug */ = {
			isa = XCBuildConfiguration;
			buildSettings = {
				ASSETCATALOG_COMPILER_APPICON_NAME = AppIcon;
				ASSETCATALOG_COMPILER_LAUNCHIMAGE_NAME = LaunchImage;
				DEVELOPMENT_TEAM = J7DR2LJWWJ;
				GCC_PRECOMPILE_PREFIX_HEADER = YES;
				GCC_PREFIX_HEADER = "SimpleFTPClient/SimpleFTPClient-Prefix.pch";
				INFOPLIST_FILE = "SimpleFTPClient/SimpleFTPClient-Info.plist";
				PRODUCT_BUNDLE_IDENTIFIER = billie.net.yourdeveloper.SimpleFTPClient;
				PRODUCT_NAME = "$(TARGET_NAME)";
				WRAPPER_EXTENSION = app;
			};
			name = Debug;
		};
		16EC74FE1800234A006C51C9 /* Release */ = {
			isa = XCBuildConfiguration;
			buildSettings = {
				ASSETCATALOG_COMPILER_APPICON_NAME = AppIcon;
				ASSETCATALOG_COMPILER_LAUNCHIMAGE_NAME = LaunchImage;
				DEVELOPMENT_TEAM = J7DR2LJWWJ;
				GCC_PRECOMPILE_PREFIX_HEADER = YES;
				GCC_PREFIX_HEADER = "SimpleFTPClient/SimpleFTPClient-Prefix.pch";
				INFOPLIST_FILE = "SimpleFTPClient/SimpleFTPClient-Info.plist";
				PRODUCT_BUNDLE_IDENTIFIER = billie.net.yourdeveloper.SimpleFTPClient;
				PRODUCT_NAME = "$(TARGET_NAME)";
				WRAPPER_EXTENSION = app;
			};
			name = Release;
		};
		16EC75001800234A006C51C9 /* Debug */ = {
			isa = XCBuildConfiguration;
			buildSettings = {
				ARCHS = "$(ARCHS_STANDARD_INCLUDING_64_BIT)";
				BUNDLE_LOADER = "$(BUILT_PRODUCTS_DIR)/SimpleFTPClient.app/SimpleFTPClient";
				FRAMEWORK_SEARCH_PATHS = (
					"$(SDKROOT)/Developer/Library/Frameworks",
					"$(inherited)",
					"$(DEVELOPER_FRAMEWORKS_DIR)",
				);
				GCC_PRECOMPILE_PREFIX_HEADER = YES;
				GCC_PREFIX_HEADER = "SimpleFTPClient/SimpleFTPClient-Prefix.pch";
				GCC_PREPROCESSOR_DEFINITIONS = (
					"DEBUG=1",
					"$(inherited)",
				);
				INFOPLIST_FILE = "SimpleFTPClientTests/SimpleFTPClientTests-Info.plist";
				PRODUCT_NAME = "$(TARGET_NAME)";
				TEST_HOST = "$(BUNDLE_LOADER)";
				WRAPPER_EXTENSION = xctest;
			};
			name = Debug;
		};
		16EC75011800234A006C51C9 /* Release */ = {
			isa = XCBuildConfiguration;
			buildSettings = {
				ARCHS = "$(ARCHS_STANDARD_INCLUDING_64_BIT)";
				BUNDLE_LOADER = "$(BUILT_PRODUCTS_DIR)/SimpleFTPClient.app/SimpleFTPClient";
				FRAMEWORK_SEARCH_PATHS = (
					"$(SDKROOT)/Developer/Library/Frameworks",
					"$(inherited)",
					"$(DEVELOPER_FRAMEWORKS_DIR)",
				);
				GCC_PRECOMPILE_PREFIX_HEADER = YES;
				GCC_PREFIX_HEADER = "SimpleFTPClient/SimpleFTPClient-Prefix.pch";
				INFOPLIST_FILE = "SimpleFTPClientTests/SimpleFTPClientTests-Info.plist";
				PRODUCT_NAME = "$(TARGET_NAME)";
				TEST_HOST = "$(BUNDLE_LOADER)";
				WRAPPER_EXTENSION = xctest;
			};
			name = Release;
		};
/* End XCBuildConfiguration section */

/* Begin XCConfigurationList section */
		16EC74C51800234A006C51C9 /* Build configuration list for PBXProject "SimpleFTPClient" */ = {
			isa = XCConfigurationList;
			buildConfigurations = (
				16EC74FA1800234A006C51C9 /* Debug */,
				16EC74FB1800234A006C51C9 /* Release */,
			);
			defaultConfigurationIsVisible = 0;
			defaultConfigurationName = Release;
		};
		16EC74FC1800234A006C51C9 /* Build configuration list for PBXNativeTarget "SimpleFTPClient" */ = {
			isa = XCConfigurationList;
			buildConfigurations = (
				16EC74FD1800234A006C51C9 /* Debug */,
				16EC74FE1800234A006C51C9 /* Release */,
			);
			defaultConfigurationIsVisible = 0;
			defaultConfigurationName = Release;
		};
		16EC74FF1800234A006C51C9 /* Build configuration list for PBXNativeTarget "SimpleFTPClientTests" */ = {
			isa = XCConfigurationList;
			buildConfigurations = (
				16EC75001800234A006C51C9 /* Debug */,
				16EC75011800234A006C51C9 /* Release */,
			);
			defaultConfigurationIsVisible = 0;
			defaultConfigurationName = Release;
		};
/* End XCConfigurationList section */
	};
	rootObject = 16EC74C21800234A006C51C9 /* Project object */;
}
